
Microsoft Visual Studio Solution File, Format Version 12.00
# Visual Studio 15
VisualStudioVersion = 15.0.27004.2005
MinimumVisualStudioVersion = 10.0.40219.1
Project("{8BC9CEB8-8B4A-11D0-8D11-00A0C91BC942}") = "03section", "03section\03section.vcxproj", "{B8037978-40F6-4ACD-A8DA-97B30BAF80C2}"
EndProject
Global
	GlobalSection(SolutionConfigurationPlatforms) = preSolution
		Debug|x64 = Debug|x64
		Debug|x86 = Debug|x86
		Release|x64 = Release|x64
		Release|x86 = Release|x86
	EndGlobalSection
	GlobalSection(ProjectConfigurationPlatforms) = postSolution
		{B8037978-40F6-4ACD-A8DA-97B30BAF80C2}.Debug|x64.ActiveCfg = Debug|x64
		{B8037978-40F6-4ACD-A8DA-97B30BAF80C2}.Debug|x64.Build.0 = Debug|x64
		{B8037978-40F6-4ACD-A8DA-97B30BAF80C2}.Debug|x86.ActiveCfg = Debug|Win32
		{B8037978-40F6-4ACD-A8DA-97B30BAF80C2}.Debug|x86.Build.0 = Debug|Win32
		{B8037978-40F6-4ACD-A8DA-97B30BAF80C2}.Release|x64.ActiveCfg = Release|x64
		{B8037978-40F6-4ACD-A8DA-97B30BAF80C2}.Release|x64.Build.0 = Release|x64
		{B8037978-40F6-4ACD-A8DA-97B30BAF80C2}.Release|x86.ActiveCfg = Release|Win32
		{B8037978-40F6-4ACD-A8DA-97B30BAF80C2}.Release|x86.Build.0 = Release|Win32
	EndGlobalSection
	GlobalSection(SolutionProperties) = preSolution
		HideSolutionNode = FALSE
	EndGlobalSection
	GlobalSection(ExtensibilityGlobals) = postSolution
		SolutionGuid = {E26573A6-9640-4FCB-B0A8-254A7553415C}
	EndGlobalSection
EndGlobal
